// !$*UTF8*$!
{
	archiveVersion = 1;
	classes = {
	};
	objectVersion = 46;
	objects = {

/* Begin PBXBuildFile section */
		D4101A6C1F4479BC00444A27 /* main.m in Sources */ = {isa = PBXBuildFile; fileRef = D4101A6B1F4479BC00444A27 /* main.m */; };
		D4101A6F1F4479BC00444A27 /* AppDelegate.m in Sources */ = {isa = PBXBuildFile; fileRef = D4101A6E1F4479BC00444A27 /* AppDelegate.m */; };
		D4101A721F4479BC00444A27 /* ViewController.m in Sources */ = {isa = PBXBuildFile; fileRef = D4101A711F4479BC00444A27 /* ViewController.m */; };
		D4101A751F4479BC00444A27 /* Main.storyboard in Resources */ = {isa = PBXBuildFile; fileRef = D4101A731F4479BC00444A27 /* Main.storyboard */; };
		D4101A771F4479BC00444A27 /* Assets.xcassets in Resources */ = {isa = PBXBuildFile; fileRef = D4101A761F4479BC00444A27 /* Assets.xcassets */; };
		D4101A7A1F4479BC00444A27 /* LaunchScreen.storyboard in Resources */ = {isa = PBXBuildFile; fileRef = D4101A781F4479BC00444A27 /* LaunchScreen.storyboard */; };
		D4101A851F447C8200444A27 /* ZTDropDownNotification.m in Sources */ = {isa = PBXBuildFile; fileRef = D4101A841F447C8200444A27 /* ZTDropDownNotification.m */; };
/* End PBXBuildFile section */

/* Begin PBXFileReference section */
		D4101A671F4479BC00444A27 /* Demo-Objective-C.app */ = {isa = PBXFileReference; explicitFileType = wrapper.application; includeInIndex = 0; path = "Demo-Objective-C.app"; sourceTree = BUILT_PRODUCTS_DIR; };
		D4101A6B1F4479BC00444A27 /* main.m */ = {isa = PBXFileReference; lastKnownFileType = sourcecode.c.objc; path = main.m; sourceTree = "<group>"; };
		D4101A6D1F4479BC00444A27 /* AppDelegate.h */ = {isa = PBXFileReference; lastKnownFileType = sourcecode.c.h; path = AppDelegate.h; sourceTree = "<group>"; };
		D4101A6E1F4479BC00444A27 /* AppDelegate.m */ = {isa = PBXFileReference; lastKnownFileType = sourcecode.c.objc; path = AppDelegate.m; sourceTree = "<group>"; };
		D4101A701F4479BC00444A27 /* ViewController.h */ = {isa = PBXFileReference; lastKnownFileType = sourcecode.c.h; path = ViewController.h; sourceTree = "<group>"; };
		D4101A711F4479BC00444A27 /* ViewController.m */ = {isa = PBXFileReference; lastKnownFileType = sourcecode.c.objc; path = ViewController.m; sourceTree = "<group>"; };
		D4101A741F4479BC00444A27 /* Base */ = {isa = PBXFileReference; lastKnownFileType = file.storyboard; name = Base; path = Base.lproj/Main.storyboard; sourceTree = "<group>"; };
		D4101A761F4479BC00444A27 /* Assets.xcassets */ = {isa = PBXFileReference; lastKnownFileType = folder.assetcatalog; path = Assets.xcassets; sourceTree = "<group>"; };
		D4101A791F4479BC00444A27 /* Base */ = {isa = PBXFileReference; lastKnownFileType = file.storyboard; name = Base; path = Base.lproj/LaunchScreen.storyboard; sourceTree = "<group>"; };
		D4101A7B1F4479BC00444A27 /* Info.plist */ = {isa = PBXFileReference; lastKnownFileType = text.plist.xml; path = Info.plist; sourceTree = "<group>"; };
		D4101A831F447C8200444A27 /* ZTDropDownNotification.h */ = {isa = PBXFileReference; fileEncoding = 4; lastKnownFileType = sourcecode.c.h; name = ZTDropDownNotification.h; path = ../ZTDropDownNotification.h; sourceTree = "<group>"; };
		D4101A841F447C8200444A27 /* ZTDropDownNotification.m */ = {isa = PBXFileReference; fileEncoding = 4; lastKnownFileType = sourcecode.c.objc; name = ZTDropDownNotification.m; path = ../ZTDropDownNotification.m; sourceTree = "<group>"; };
/* End PBXFileReference section */

/* Begin PBXFrameworksBuildPhase section */
		D4101A641F4479BC00444A27 /* Frameworks */ = {
			isa = PBXFrameworksBuildPhase;
			buildActionMask = 2147483647;
			files = (
			);
			runOnlyForDeploymentPostprocessing = 0;
		};
/* End PBXFrameworksBuildPhase section */

/* Begin PBXGroup section */
		D4101A5E1F4479BC00444A27 = {
			isa = PBXGroup;
			children = (
				D4101A691F4479BC00444A27 /* Demo-Objective-C */,
				D4101A821F447C7200444A27 /* ZTDropDownNotification */,
				D4101A681F4479BC00444A27 /* Products */,
			);
			sourceTree = "<group>";
		};
		D4101A681F4479BC00444A27 /* Products */ = {
			isa = PBXGroup;
			children = (
				D4101A671F4479BC00444A27 /* Demo-Objective-C.app */,
			);
			name = Products;
			sourceTree = "<group>";
		};
		D4101A691F4479BC00444A27 /* Demo-Objective-C */ = {
			isa = PBXGroup;
			children = (
				D4101A6D1F4479BC00444A27 /* AppDelegate.h */,
				D4101A6E1F4479BC00444A27 /* AppDelegate.m */,
				D4101A701F4479BC00444A27 /* ViewController.h */,
				D4101A711F4479BC00444A27 /* ViewController.m */,
				D4101A731F4479BC00444A27 /* Main.storyboard */,
				D4101A761F4479BC00444A27 /* Assets.xcassets */,
				D4101A781F4479BC00444A27 /* LaunchScreen.storyboard */,
				D4101A7B1F4479BC00444A27 /* Info.plist */,
				D4101A6A1F4479BC00444A27 /* Supporting Files */,
			);
			path = "Demo-Objective-C";
			sourceTree = "<group>";
		};
		D4101A6A1F4479BC00444A27 /* Supporting Files */ = {
			isa = PBXGroup;
			children = (
				D4101A6B1F4479BC00444A27 /* main.m */,
			);
			name = "Supporting Files";
			sourceTree = "<group>";
		};
		D4101A821F447C7200444A27 /* ZTDropDownNotification */ = {
			isa = PBXGroup;
			children = (
				D4101A831F447C8200444A27 /* ZTDropDownNotification.h */,
				D4101A841F447C8200444A27 /* ZTDropDownNotification.m */,
			);
			name = ZTDropDownNotification;
			sourceTree = "<group>";
		};
/* End PBXGroup section */

/* Begin PBXNativeTarget section */
		D4101A661F4479BC00444A27 /* Demo-Objective-C */ = {
			isa = PBXNativeTarget;
			buildConfigurationList = D4101A7E1F4479BC00444A27 /* Build configuration list for PBXNativeTarget "Demo-Objective-C" */;
			buildPhases = (
				D4101A631F4479BC00444A27 /* Sources */,
				D4101A641F4479BC00444A27 /* Frameworks */,
				D4101A651F4479BC00444A27 /* Resources */,
			);
			buildRules = (
			);
			dependencies = (
			);
			name = "Demo-Objective-C";
			productName = "Demo-Objective-C";
			productReference = D4101A671F4479BC00444A27 /* Demo-Objective-C.app */;
			productType = "com.apple.product-type.application";
		};
/* End PBXNativeTarget section */

/* Begin PBXProject section */
		D4101A5F1F4479BC00444A27 /* Project object */ = {
			isa = PBXProject;
			attributes = {
				LastUpgradeCheck = 0830;
				ORGANIZATIONNAME = "Zhang Tao";
				TargetAttributes = {
					D4101A661F4479BC00444A27 = {
						CreatedOnToolsVersion = 8.3.3;
						DevelopmentTeam = K422DLLLN5;
						ProvisioningStyle = Automatic;
					};
				};
			};
			buildConfigurationList = D4101A621F4479BC00444A27 /* Build configuration list for PBXProject "Demo-Objective-C" */;
			compatibilityVersion = "Xcode 3.2";
			developmentRegion = English;
			hasScannedForEncodings = 0;
			knownRegions = (
				en,
				Base,
			);
			mainGroup = D4101A5E1F4479BC00444A27;
			productRefGroup = D4101A681F4479BC00444A27 /* Products */;
			projectDirPath = "";
			projectRoot = "";
			targets = (
				D4101A661F4479BC00444A27 /* Demo-Objective-C */,
			);
		};
/* End PBXProject section */

/* Begin PBXResourcesBuildPhase section */
		D4101A651F4479BC00444A27 /* Resources */ = {
			isa = PBXResourcesBuildPhase;
			buildActionMask = 2147483647;
			files = (
				D4101A7A1F4479BC00444A27 /* LaunchScreen.storyboard in Resources */,
				D4101A771F4479BC00444A27 /* Assets.xcassets in Resources */,
				D4101A751F4479BC00444A27 /* Main.storyboard in Resources */,
			);
			runOnlyForDeploymentPostprocessing = 0;
		};
/* End PBXResourcesBuildPhase section */

/* Begin PBXSourcesBuildPhase section */
		D4101A631F4479BC00444A27 /* Sources */ = {
			isa = PBXSourcesBuildPhase;
			buildActionMask = 2147483647;
			files = (
				D4101A721F4479BC00444A27 /* ViewController.m in Sources */,
				D4101A851F447C8200444A27 /* ZTDropDownNotification.m in Sources */,
				D4101A6F1F4479BC00444A27 /* AppDelegate.m in Sources */,
				D4101A6C1F4479BC00444A27 /* main.m in Sources */,
			);
			runOnlyForDeploymentPostprocessing = 0;
		};
/* End PBXSourcesBuildPhase section */

/* Begin PBXVariantGroup section */
		D4101A731F4479BC00444A27 /* Main.storyboard */ = {
			isa = PBXVariantGroup;
			children = (
				D4101A741F4479BC00444A27 /* Base */,
			);
			name = Main.storyboard;
			sourceTree = "<group>";
		};
		D4101A781F4479BC00444A27 /* LaunchScreen.storyboard */ = {
			isa = PBXVariantGroup;
			children = (
				D4101A791F4479BC00444A27 /* Base */,
			);
			name = LaunchScreen.storyboard;
			sourceTree = "<group>";
		};
/* End PBXVariantGroup section */

/* Begin XCBuildConfiguration section */
		D4101A7C1F4479BC00444A27 /* Debug */ = {
			isa = XCBuildConfiguration;
			buildSettings = {
				ALWAYS_SEARCH_USER_PATHS = NO;
				CLANG_ANALYZER_NONNULL = YES;
				CLANG_ANALYZER_NUMBER_OBJECT_CONVERSION = YES_AGGRESSIVE;
				CLANG_CXX_LANGUAGE_STANDARD = "gnu++0x";
				CLANG_CXX_LIBRARY = "libc++";
				CLANG_ENABLE_MODULES = YES;
				CLANG_ENABLE_OBJC_ARC = YES;
				CLANG_WARN_BOOL_CONVERSION = YES;
				CLANG_WARN_CONSTANT_CONVERSION = YES;
				CLANG_WARN_DIRECT_OBJC_ISA_USAGE = YES_ERROR;
				CLANG_WARN_DOCUMENTATION_COMMENTS = YES;
				CLANG_WARN_EMPTY_BODY = YES;
				CLANG_WARN_ENUM_CONVERSION = YES;
				CLANG_WARN_INFINITE_RECURSION = YES;
				CLANG_WARN_INT_CONVERSION = YES;
				CLANG_WARN_OBJC_ROOT_CLASS = YES_ERROR;
				CLANG_WARN_SUSPICIOUS_MOVE = YES;
				CLANG_WARN_UNREACHABLE_CODE = YES;
				CLANG_WARN__DUPLICATE_METHOD_MATCH = YES;
				"CODE_SIGN_IDENTITY[sdk=iphoneos*]" = "iPhone Developer";
				COPY_PHASE_STRIP = NO;
				DEBUG_INFORMATION_FORMAT = dwarf;
				ENABLE_STRICT_OBJC_MSGSEND = YES;
				ENABLE_TESTABILITY = YES;
				GCC_C_LANGUAGE_STANDARD = gnu99;
				GCC_DYNAMIC_NO_PIC = NO;
				GCC_NO_COMMON_BLOCKS = YES;
				GCC_OPTIMIZATION_LEVEL = 0;
				GCC_PREPROCESSOR_DEFINITIONS = (
					"DEBUG=1",
					"$(inherited)",
				);
				GCC_WARN_64_TO_32_BIT_CONVERSION = YES;
				GCC_WARN_ABOUT_RETURN_TYPE = YES_ERROR;
				GCC_WARN_UNDECLARED_SELECTOR = YES;
				GCC_WARN_UNINITIALIZED_AUTOS = YES_AGGRESSIVE;
				GCC_WARN_UNUSED_FUNCTION = YES;
				GCC_WARN_UNUSED_VARIABLE = YES;
				IPHONEOS_DEPLOYMENT_TARGET = 10.3;
				MTL_ENABLE_DEBUG_INFO = YES;
				ONLY_ACTIVE_ARCH = YES;
				SDKROOT = iphoneos;
				TARGETED_DEVICE_FAMILY = "1,2";
			};
			name = Debug;
		};
		D4101A7D1F4479BC00444A27 /* Release */ = {
			isa = XCBuildConfiguration;
			buildSettings = {
				ALWAYS_SEARCH_USER_PATHS = NO;
				CLANG_ANALYZER_NONNULL = YES;
				CLANG_ANALYZER_NUMBER_OBJECT_CONVERSION = YES_AGGRESSIVE;
				CLANG_CXX_LANGUAGE_STANDARD = "gnu++0x";
				CLANG_CXX_LIBRARY = "libc++";
				CLANG_ENABLE_MODULES = YES;
				CLANG_ENABLE_OBJC_ARC = YES;
				CLANG_WARN_BOOL_CONVERSION = YES;
				CLANG_WARN_CONSTANT_CONVERSION = YES;
				CLANG_WARN_DIRECT_OBJC_ISA_USAGE = YES_ERROR;
				CLANG_WARN_DOCUMENTATION_COMMENTS = YES;
				CLANG_WARN_EMPTY_BODY = YES;
				CLANG_WARN_ENUM_CONVERSION = YES;
				CLANG_WARN_INFINITE_RECURSION = YES;
				CLANG_WARN_INT_CONVERSION = YES;
				CLANG_WARN_OBJC_ROOT_CLASS = YES_ERROR;
				CLANG_WARN_SUSPICIOUS_MOVE = YES;
				CLANG_WARN_UNREACHABLE_CODE = YES;
				CLANG_WARN__DUPLICATE_METHOD_MATCH = YES;
				"CODE_SIGN_IDENTITY[sdk=iphoneos*]" = "iPhone Developer";
				COPY_PHASE_STRIP = NO;
				DEBUG_INFORMATION_FORMAT = "dwarf-with-dsym";
				ENABLE_NS_ASSERTIONS = NO;
				ENABLE_STRICT_OBJC_MSGSEND = YES;
				GCC_C_LANGUAGE_STANDARD = gnu99;
				GCC_NO_COMMON_BLOCKS = YES;
				GCC_WARN_64_TO_32_BIT_CONVERSION = YES;
				GCC_WARN_ABOUT_RETURN_TYPE = YES_ERROR;
				GCC_WARN_UNDECLARED_SELECTOR = YES;
				GCC_WARN_UNINITIALIZED_AUTOS = YES_AGGRESSIVE;
				GCC_WARN_UNUSED_FUNCTION = YES;
				GCC_WARN_UNUSED_VARIABLE = YES;
				IPHONEOS_DEPLOYMENT_TARGET = 10.3;
				MTL_ENABLE_DEBUG_INFO = NO;
				SDKROOT = iphoneos;
				TARGETED_DEVICE_FAMILY = "1,2";
				VALIDATE_PRODUCT = YES;
			};
			name = Release;
		};
		D4101A7F1F4479BC00444A27 /* Debug */ = {
			isa = XCBuildConfiguration;
			buildSettings = {
				ASSETCATALOG_COMPILER_APPICON_NAME = AppIcon;
				DEVELOPMENT_TEAM = K422DLLLN5;
				INFOPLIST_FILE = "Demo-Objective-C/Info.plist";
				LD_RUNPATH_SEARCH_PATHS = "$(inherited) @executable_path/Frameworks";
				PRODUCT_BUNDLE_IDENTIFIER = "com.zhangtom.Demo-Objective-C";
				PRODUCT_NAME = "$(TARGET_NAME)";
			};
			name = Debug;
		};
		D4101A801F4479BC00444A27 /* Release */ = {
			isa = XCBuildConfiguration;
			buildSettings = {
				ASSETCATALOG_COMPILER_APPICON_NAME = AppIcon;
				DEVELOPMENT_TEAM = K422DLLLN5;
				INFOPLIST_FILE = "Demo-Objective-C/Info.plist";
				LD_RUNPATH_SEARCH_PATHS = "$(inherited) @executable_path/Frameworks";
				PRODUCT_BUNDLE_IDENTIFIER = "com.zhangtom.Demo-Objective-C";
				PRODUCT_NAME = "$(TARGET_NAME)";
			};
			name = Release;
		};
/* End XCBuildConfiguration section */

/* Begin XCConfigurationList section */
		D4101A621F4479BC00444A27 /* Build configuration list for PBXProject "Demo-Objective-C" */ = {
			isa = XCConfigurationList;
			buildConfigurations = (
				D4101A7C1F4479BC00444A27 /* Debug */,
				D4101A7D1F4479BC00444A27 /* Release */,
			);
			defaultConfigurationIsVisible = 0;
			defaultConfigurationName = Release;
		};
		D4101A7E1F4479BC00444A27 /* Build configuration list for PBXNativeTarget "Demo-Objective-C" */ = {
			isa = XCConfigurationList;
			buildConfigurations = (
				D4101A7F1F4479BC00444A27 /* Debug */,
				D4101A801F4479BC00444A27 /* Release */,
			);
			defaultConfigurationIsVisible = 0;
		};
/* End XCConfigurationList section */
	};
	rootObject = D4101A5F1F4479BC00444A27 /* Project object */;
}
